
Microsoft Visual Studio Solution File, Format Version 12.00
# Visual Studio Version 17
VisualStudioVersion = 17.10.34916.146
MinimumVisualStudioVersion = 10.0.40219.1
Project("{8BC9CEB8-8B4A-11D0-8D11-00A0C91BC942}") = "Ceasar-Encryption", "Ceasar-Encryption.vcxproj", "{35E94EDA-7B44-4593-92F3-3E141641C25C}"
EndProject
Project("{8BC9CEB8-8B4A-11D0-8D11-00A0C91BC942}") = "Cipher", "Cipher\Cipher.vcxproj", "{BA81439A-C25C-4010-8EB2-C0192234C6CA}"
EndProject
Project("{8BC9CEB8-8B4A-11D0-8D11-00A0C91BC942}") = "CipherLib", "CipherLib\CipherLib.vcxproj", "{79D63076-5136-4351-8756-5924F31E5572}"
EndProject
Global
	GlobalSection(SolutionConfigurationPlatforms) = preSolution
		Debug|x64 = Debug|x64
		Debug|x86 = Debug|x86
		Release|x64 = Release|x64
		Release|x86 = Release|x86
	EndGlobalSection
	GlobalSection(ProjectConfigurationPlatforms) = postSolution
		{35E94EDA-7B44-4593-92F3-3E141641C25C}.Debug|x64.ActiveCfg = Debug|x64
		{35E94EDA-7B44-4593-92F3-3E141641C25C}.Debug|x64.Build.0 = Debug|x64
		{35E94EDA-7B44-4593-92F3-3E141641C25C}.Debug|x86.ActiveCfg = Debug|Win32
		{35E94EDA-7B44-4593-92F3-3E141641C25C}.Debug|x86.Build.0 = Debug|Win32
		{35E94EDA-7B44-4593-92F3-3E141641C25C}.Release|x64.ActiveCfg = Release|x64
		{35E94EDA-7B44-4593-92F3-3E141641C25C}.Release|x64.Build.0 = Release|x64
		{35E94EDA-7B44-4593-92F3-3E141641C25C}.Release|x86.ActiveCfg = Release|Win32
		{35E94EDA-7B44-4593-92F3-3E141641C25C}.Release|x86.Build.0 = Release|Win32
		{BA81439A-C25C-4010-8EB2-C0192234C6CA}.Debug|x64.ActiveCfg = Debug|x64
		{BA81439A-C25C-4010-8EB2-C0192234C6CA}.Debug|x64.Build.0 = Debug|x64
		{BA81439A-C25C-4010-8EB2-C0192234C6CA}.Debug|x86.ActiveCfg = Debug|Win32
		{BA81439A-C25C-4010-8EB2-C0192234C6CA}.Debug|x86.Build.0 = Debug|Win32
		{BA81439A-C25C-4010-8EB2-C0192234C6CA}.Release|x64.ActiveCfg = Release|x64
		{BA81439A-C25C-4010-8EB2-C0192234C6CA}.Release|x64.Build.0 = Release|x64
		{BA81439A-C25C-4010-8EB2-C0192234C6CA}.Release|x86.ActiveCfg = Release|Win32
		{BA81439A-C25C-4010-8EB2-C0192234C6CA}.Release|x86.Build.0 = Release|Win32
		{79D63076-5136-4351-8756-5924F31E5572}.Debug|x64.ActiveCfg = Debug|x64
		{79D63076-5136-4351-8756-5924F31E5572}.Debug|x64.Build.0 = Debug|x64
		{79D63076-5136-4351-8756-5924F31E5572}.Debug|x86.ActiveCfg = Debug|Win32
		{79D63076-5136-4351-8756-5924F31E5572}.Debug|x86.Build.0 = Debug|Win32
		{79D63076-5136-4351-8756-5924F31E5572}.Release|x64.ActiveCfg = Release|x64
		{79D63076-5136-4351-8756-5924F31E5572}.Release|x64.Build.0 = Release|x64
		{79D63076-5136-4351-8756-5924F31E5572}.Release|x86.ActiveCfg = Release|Win32
		{79D63076-5136-4351-8756-5924F31E5572}.Release|x86.Build.0 = Release|Win32
	EndGlobalSection
	GlobalSection(SolutionProperties) = preSolution
		HideSolutionNode = FALSE
	EndGlobalSection
	GlobalSection(ExtensibilityGlobals) = postSolution
		SolutionGuid = {4BEB4C09-EF06-46D5-828F-25E1337D859A}
	EndGlobalSection
EndGlobal
